<?xml version="1.0" encoding="utf-8"?>
<Project ToolsVersion="4.0" xmlns="http://schemas.microsoft.com/developer/msbuild/2003">
  <ItemGroup>
    <Filter Include="Source Files">
      <UniqueIdentifier>{4FC737F1-C7A5-4376-A066-2A32D752A2FF}</UniqueIdentifier>
      <Extensions>cpp;c;cc;cxx;c++;cppm;ixx;def;odl;idl;hpj;bat;asm;asmx</Extensions>
    </Filter>
    <Filter Include="Header Files">
      <UniqueIdentifier>{93995380-89BD-4b04-88EB-625FBE52EBFB}</UniqueIdentifier>
      <Extensions>h;hh;hpp;hxx;h++;hm;inl;inc;ipp;xsd</Extensions>
    </Filter>
    <Filter Include="Resource Files">
      <UniqueIdentifier>{67DA6AB6-F800-4c08-8B7A-83BB121AAD01}</UniqueIdentifier>
      <Extensions>rc;ico;cur;bmp;dlg;rc2;rct;bin;rgs;gif;jpg;jpeg;jpe;resx;tiff;tif;png;wav;mfcribbon-ms</Extensions>
    </Filter>
    <Filter Include="Source Files\utils">
      <UniqueIdentifier>{3cab4671-2fc5-4c7e-af3a-97f5c5fea00a}</UniqueIdentifier>
    </Filter>
    <Filter Include="Source Files\initialization">
      <UniqueIdentifier>{cb398d6e-d937-4af2-9180-616eb5ad501f}</UniqueIdentifier>
    </Filter>
    <Filter Include="Source Files\rendering">
      <UniqueIdentifier>{322daa0a-4036-443a-922d-d0f4909cbcb6}</UniqueIdentifier>
    </Filter>
    <Filter Include="Header Files\initialization">
      <UniqueIdentifier>{6576c6a1-3936-42b8-9c0b-a39c3d3d3e60}</UniqueIdentifier>
    </Filter>
    <Filter Include="Header Files\rendering">
      <UniqueIdentifier>{a92c9044-254f-42d9-a394-cb2c39fc851d}</UniqueIdentifier>
    </Filter>
  </ItemGroup>
  <ItemGroup>
    <ClCompile Include="Source Files\main.cpp">
      <Filter>Source Files</Filter>
    </ClCompile>
    <ClCompile Include="Source Files\window.cpp">
      <Filter>Source Files\initialization</Filter>
    </ClCompile>
    <ClCompile Include="Source Files\pch.cpp">
      <Filter>Source Files</Filter>
    </ClCompile>
    <ClCompile Include="Source Files\d3dexception.cpp">
      <Filter>Source Files</Filter>
    </ClCompile>
    <ClCompile Include="Source Files\Keyboard.cpp">
      <Filter>Source Files</Filter>
    </ClCompile>
    <ClCompile Include="Source Files\mouse.cpp">
      <Filter>Source Files</Filter>
    </ClCompile>
    <ClCompile Include="Source Files\app.cpp">
      <Filter>Source Files</Filter>
    </ClCompile>
    <ClCompile Include="Source Files\timer.cpp">
      <Filter>Source Files</Filter>
    </ClCompile>
    <ClCompile Include="Source Files\graphics.cpp">
      <Filter>Source Files</Filter>
    </ClCompile>
    <ClCompile Include="Source Files\asserts.cpp">
      <Filter>Source Files</Filter>
    </ClCompile>
    <ClCompile Include="Source Files\shader.cpp">
      <Filter>Source Files</Filter>
    </ClCompile>
    <ClCompile Include="Source Files\inputlayout.cpp">
      <Filter>Source Files</Filter>
    </ClCompile>
    <ClCompile Include="Source Files\topology.cpp">
      <Filter>Source Files</Filter>
    </ClCompile>
    <ClCompile Include="Source Files\indexbuffer.cpp">
      <Filter>Source Files</Filter>
    </ClCompile>
    <ClCompile Include="Source Files\box.cpp">
      <Filter>Source Files</Filter>
    </ClCompile>
    <ClCompile Include="Source Files\vertexbuffer.cpp">
      <Filter>Source Files</Filter>
    </ClCompile>
    <ClCompile Include="Source Files\pixelconstants.cpp">
      <Filter>Source Files</Filter>
    </ClCompile>
    <ClCompile Include="Source Files\vertexconstants.cpp">
      <Filter>Source Files</Filter>
    </ClCompile>
    <ClCompile Include="Source Files\triangle2d.cpp">
      <Filter>Source Files</Filter>
    </ClCompile>
  </ItemGroup>
  <ItemGroup>
    <ClInclude Include="Source Files\Headers\window.h">
      <Filter>Header Files\initialization</Filter>
    </ClInclude>
    <ClInclude Include="Source Files\Headers\winh.h">
      <Filter>Header Files</Filter>
    </ClInclude>
    <ClInclude Include="Source Files\Headers\pch.h">
      <Filter>Header Files</Filter>
    </ClInclude>
    <ClInclude Include="Source Files\Headers\d3dexception.h">
      <Filter>Header Files</Filter>
    </ClInclude>
    <ClInclude Include="Source Files\Headers\keyboard.h">
      <Filter>Header Files</Filter>
    </ClInclude>
    <ClInclude Include="Source Files\Headers\d3dapp.h">
      <Filter>Header Files</Filter>
    </ClInclude>
    <ClInclude Include="Source Files\Headers\Mouse.h">
      <Filter>Header Files</Filter>
    </ClInclude>
    <ClInclude Include="Source Files\Headers\app.h">
      <Filter>Header Files</Filter>
    </ClInclude>
    <ClInclude Include="Source Files\Headers\timer.h">
      <Filter>Header Files</Filter>
    </ClInclude>
    <ClInclude Include="Source Files\Headers\Rendering\graphics.h">
      <Filter>Header Files</Filter>
    </ClInclude>
    <ClInclude Include="Source Files\Headers\asserts.h">
      <Filter>Header Files</Filter>
    </ClInclude>
    <ClInclude Include="Source Files\Headers\Rendering\vertexbuffer.h">
      <Filter>Header Files</Filter>
    </ClInclude>
    <ClInclude Include="Source Files\Headers\Rendering\shader.h">
      <Filter>Header Files</Filter>
    </ClInclude>
    <ClInclude Include="Source Files\Headers\Rendering\inputlayout.h">
      <Filter>Header Files</Filter>
    </ClInclude>
    <ClInclude Include="Source Files\Headers\Rendering\topology.h">
      <Filter>Header Files</Filter>
    </ClInclude>
    <ClInclude Include="Source Files\Headers\Rendering\indexbuffer.h">
      <Filter>Header Files</Filter>
    </ClInclude>
    <ClInclude Include="Source Files\Headers\Rendering\box.h">
      <Filter>Header Files</Filter>
    </ClInclude>
    <ClInclude Include="Source Files\Headers\Rendering\globals.h">
      <Filter>Header Files</Filter>
    </ClInclude>
    <ClInclude Include="Source Files\Headers\Rendering\pixelconstants.h">
      <Filter>Header Files</Filter>
    </ClInclude>
    <ClInclude Include="Source Files\Headers\Rendering\vertexconstants.h">
      <Filter>Header Files</Filter>
    </ClInclude>
    <ClInclude Include="Source Files\Headers\Rendering\bindable.h">
      <Filter>Header Files</Filter>
    </ClInclude>
    <ClInclude Include="Source Files\Headers\Rendering\renderable2d.h">
      <Filter>Header Files</Filter>
    </ClInclude>
    <ClInclude Include="Source Files\Headers\Rendering\triangle2d.h">
      <Filter>Header Files</Filter>
    </ClInclude>
  </ItemGroup>
  <ItemGroup>
    <None Include="packages.config" />
    <None Include="PixelShader.cso" />
    <None Include="VertexShader.cso" />
  </ItemGroup>
  <ItemGroup>
    <FxCompile Include="Source Files\Shaders\VertexShader.hlsl" />
    <FxCompile Include="Source Files\Shaders\PixelShader.hlsl" />
  </ItemGroup>
</Project>